{
    "_readme": [
        "This file locks the dependencies of your project to a known state",
        "Read more about it at https://getcomposer.org/doc/01-basic-usage.md#installing-dependencies",
        "This file is @generated automatically"
    ],
    "content-hash": "9d524bb7f88ba059325f8305903d8f96",
    "packages": [
        {
            "name": "league/csv",
            "version": "dev-master",
            "source": {
                "type": "git",
                "url": "https://github.com/thephpleague/csv.git",
                "reference": "faa859dc483ae8131353c19c1e0b074754ef2678"
            },
            "dist": {
                "type": "zip",
                "url": "https://api.github.com/repos/thephpleague/csv/zipball/faa859dc483ae8131353c19c1e0b074754ef2678",
                "reference": "faa859dc483ae8131353c19c1e0b074754ef2678",
                "shasum": ""
            },
            "require": {
                "ext-filter": "*",
                "php": "^8.1.2"
            },
            "require-dev": {
                "ext-dom": "*",
                "ext-xdebug": "*",
                "friendsofphp/php-cs-fixer": "^3.64.0",
                "phpbench/phpbench": "^1.3.1",
                "phpstan/phpstan": "^1.12.11",
                "phpstan/phpstan-deprecation-rules": "^1.2.1",
                "phpstan/phpstan-phpunit": "^1.4.1",
                "phpstan/phpstan-strict-rules": "^1.6.1",
                "phpunit/phpunit": "^10.5.16 || ^11.4.3",
                "symfony/var-dumper": "^6.4.8 || ^7.1.8"
            },
            "suggest": {
                "ext-dom": "Required to use the XMLConverter and the HTMLConverter classes",
                "ext-iconv": "Needed to ease transcoding CSV using iconv stream filters",
                "ext-mbstring": "Needed to ease transcoding CSV using mb stream filters"
            },
            "default-branch": true,
            "type": "library",
            "extra": {
                "branch-alias": {
                    "dev-master": "9.x-dev"
                }
            },
            "autoload": {
                "files": [
                    "src/functions_include.php"
                ],
                "psr-4": {
                    "League\\Csv\\": "src/"
                }
            },
            "notification-url": "https://packagist.org/downloads/",
            "license": [
                "MIT"
            ],
            "authors": [
                {
                    "name": "Ignace Nyamagana Butera",
                    "email": "nyamsprod@gmail.com",
                    "homepage": "https://github.com/nyamsprod/",
                    "role": "Developer"
                }
            ],
            "description": "CSV data manipulation made easy in PHP",
            "homepage": "https://csv.thephpleague.com",
            "keywords": [
                "convert",
                "csv",
                "export",
                "filter",
                "import",
                "read",
                "transform",
                "write"
            ],
            "support": {
                "docs": "https://csv.thephpleague.com",
                "issues": "https://github.com/thephpleague/csv/issues",
                "rss": "https://github.com/thephpleague/csv/releases.atom",
                "source": "https://github.com/thephpleague/csv"
            },
            "funding": [
                {
                    "url": "https://github.com/sponsors/nyamsprod",
                    "type": "github"
                }
            ],
            "time": "2024-12-06T11:02:42+00:00"
        }
    ],
    "packages-dev": [],
    "aliases": [],
    "minimum-stability": "dev",
    "stability-flags": {
        "league/csv": 20
    },
    "prefer-stable": false,
    "prefer-lowest": false,
    "platform": {},
    "platform-dev": {},
    "plugin-api-version": "2.6.0"
}
